{
  "name": "definer",
  "version": "1.0.0",
  "lockfileVersion": 3,
  "requires": true,
  "packages": {
    "": {
      "name": "definer",
      "version": "1.0.0",
      "dependencies": {
        "react": "^19.2.0",
        "react-dom": "^19.2.0",
        "react-router-dom": "^7.9.6"
      },
      "devDependencies": {
        "@biomejs/biome": "2.3.2",
        "@rsbuild/core": "^1.6.4",
        "@rsbuild/plugin-react": "^1.4.2",
        "@types/react": "^19.2.4",
        "@types/react-dom": "^19.2.3",
        "typescript": "^5.9.3",
        "zephyr-rsbuild-plugin": "^0.1.1"
      }
    },
    "../../node_modules/.pnpm/@biomejs+biome@2.3.2/node_modules/@biomejs/biome": {
      "version": "2.3.2",
      "dev": true,
      "license": "MIT OR Apache-2.0",
      "bin": {
        "biome": "bin/biome"
      },
      "engines": {
        "node": ">=14.21.3"
      },
      "funding": {
        "type": "opencollective",
        "url": "https://opencollective.com/biome"
      },
      "optionalDependencies": {
        "@biomejs/cli-darwin-arm64": "2.3.2",
        "@biomejs/cli-darwin-x64": "2.3.2",
        "@biomejs/cli-linux-arm64": "2.3.2",
        "@biomejs/cli-linux-arm64-musl": "2.3.2",
        "@biomejs/cli-linux-x64": "2.3.2",
        "@biomejs/cli-linux-x64-musl": "2.3.2",
        "@biomejs/cli-win32-arm64": "2.3.2",
        "@biomejs/cli-win32-x64": "2.3.2"
      }
    },
    "../../node_modules/.pnpm/@rsbuild+core@1.6.6/node_modules/@rsbuild/core": {
      "version": "1.6.6",
      "dev": true,
      "license": "MIT",
      "dependencies": {
        "@rspack/core": "1.6.3",
        "@rspack/lite-tapable": "~1.1.0",
        "@swc/helpers": "^0.5.17",
        "core-js": "~3.46.0",
        "jiti": "^2.6.1"
      },
      "bin": {
        "rsbuild": "bin/rsbuild.js"
      },
      "devDependencies": {
        "@jridgewell/remapping": "^2.3.5",
        "@jridgewell/trace-mapping": "^0.3.31",
        "@rslib/core": "0.17.1",
        "@types/connect": "3.4.38",
        "@types/cors": "^2.8.19",
        "@types/node": "^24.9.2",
        "@types/on-finished": "2.3.5",
        "@types/range-parser": "^1.2.7",
        "@types/webpack-bundle-analyzer": "4.7.0",
        "@types/ws": "^8.18.1",
        "browserslist-load-config": "1.0.1",
        "cac": "^6.7.14",
        "chokidar": "^4.0.3",
        "connect": "3.7.0",
        "cors": "^2.8.5",
        "css-loader": "7.1.2",
        "deepmerge": "^4.3.1",
        "dotenv-expand": "12.0.3",
        "html-rspack-plugin": "6.1.3",
        "http-proxy-middleware": "^2.0.9",
        "launch-editor-middleware": "^2.12.0",
        "memfs": "^4.50.0",
        "mrmime": "^2.0.1",
        "on-finished": "2.4.1",
        "open": "^10.2.0",
        "picocolors": "^1.1.1",
        "postcss": "^8.5.6",
        "postcss-load-config": "6.0.1",
        "postcss-loader": "8.2.0",
        "prebundle": "1.5.0",
        "range-parser": "^1.2.1",
        "reduce-configs": "^1.1.1",
        "rslog": "^1.3.0",
        "rspack-chain": "^1.4.1",
        "rspack-manifest-plugin": "5.1.0",
        "sirv": "^3.0.2",
        "stacktrace-parser": "^0.1.11",
        "style-loader": "3.3.4",
        "tinyglobby": "0.2.14",
        "typescript": "^5.9.3",
        "webpack": "^5.102.1",
        "webpack-bundle-analyzer": "^4.10.2",
        "webpack-merge": "6.0.1",
        "ws": "^8.18.3"
      },
      "engines": {
        "node": ">=18.12.0"
      }
    },
    "../../node_modules/.pnpm/@rsbuild+plugin-react@1.4.2_@rsbuild+core@1.6.6/node_modules/@rsbuild/plugin-react": {
      "version": "1.4.2",
      "dev": true,
      "license": "MIT",
      "dependencies": {
        "@rspack/plugin-react-refresh": "^1.5.2",
        "react-refresh": "^0.18.0"
      },
      "devDependencies": {
        "@rsbuild/core": "1.6.2",
        "@rslib/core": "0.17.1",
        "@scripts/test-helper": "1.0.1",
        "@types/node": "^24.9.2",
        "typescript": "^5.9.3"
      },
      "peerDependencies": {
        "@rsbuild/core": "1.x"
      }
    },
    "../../node_modules/.pnpm/@types+react-dom@19.2.3_@types+react@19.2.5/node_modules/@types/react-dom": {
      "version": "19.2.3",
      "dev": true,
      "license": "MIT",
      "peerDependencies": {
        "@types/react": "^19.2.0"
      }
    },
    "../../node_modules/.pnpm/@types+react@19.2.5/node_modules/@types/react": {
      "version": "19.2.5",
      "dev": true,
      "license": "MIT",
      "dependencies": {
        "csstype": "^3.0.2"
      }
    },
    "../../node_modules/.pnpm/react-dom@19.2.0_react@19.2.0/node_modules/react-dom": {
      "version": "19.2.0",
      "license": "MIT",
      "peer": true,
      "dependencies": {
        "scheduler": "^0.27.0"
      },
      "peerDependencies": {
        "react": "^19.2.0"
      }
    },
    "../../node_modules/.pnpm/react@19.2.0/node_modules/react": {
      "version": "19.2.0",
      "license": "MIT",
      "peer": true,
      "engines": {
        "node": ">=0.10.0"
      }
    },
    "../../node_modules/.pnpm/typescript@5.9.3/node_modules/typescript": {
      "version": "5.9.3",
      "dev": true,
      "license": "Apache-2.0",
      "bin": {
        "tsc": "bin/tsc",
        "tsserver": "bin/tsserver"
      },
      "devDependencies": {
        "@dprint/formatter": "^0.4.1",
        "@dprint/typescript": "0.93.4",
        "@esfx/canceltoken": "^1.0.0",
        "@eslint/js": "^9.20.0",
        "@octokit/rest": "^21.1.1",
        "@types/chai": "^4.3.20",
        "@types/diff": "^7.0.1",
        "@types/minimist": "^1.2.5",
        "@types/mocha": "^10.0.10",
        "@types/ms": "^0.7.34",
        "@types/node": "latest",
        "@types/source-map-support": "^0.5.10",
        "@types/which": "^3.0.4",
        "@typescript-eslint/rule-tester": "^8.24.1",
        "@typescript-eslint/type-utils": "^8.24.1",
        "@typescript-eslint/utils": "^8.24.1",
        "azure-devops-node-api": "^14.1.0",
        "c8": "^10.1.3",
        "chai": "^4.5.0",
        "chokidar": "^4.0.3",
        "diff": "^7.0.0",
        "dprint": "^0.49.0",
        "esbuild": "^0.25.0",
        "eslint": "^9.20.1",
        "eslint-formatter-autolinkable-stylish": "^1.4.0",
        "eslint-plugin-regexp": "^2.7.0",
        "fast-xml-parser": "^4.5.2",
        "glob": "^10.4.5",
        "globals": "^15.15.0",
        "hereby": "^1.10.0",
        "jsonc-parser": "^3.3.1",
        "knip": "^5.44.4",
        "minimist": "^1.2.8",
        "mocha": "^10.8.2",
        "mocha-fivemat-progress-reporter": "^0.1.0",
        "monocart-coverage-reports": "^2.12.1",
        "ms": "^2.1.3",
        "picocolors": "^1.1.1",
        "playwright": "^1.50.1",
        "source-map-support": "^0.5.21",
        "tslib": "^2.8.1",
        "typescript": "^5.7.3",
        "typescript-eslint": "^8.24.1",
        "which": "^3.0.1"
      },
      "engines": {
        "node": ">=14.17"
      }
    },
    "../../node_modules/.pnpm/zephyr-rsbuild-plugin@0.1.1_@rsbuild+core@1.6.6_@swc+helpers@0.5.17_webpack@5.102.1/node_modules/zephyr-rsbuild-plugin": {
      "version": "0.1.1",
      "dev": true,
      "license": "Apache-2.0",
      "dependencies": {
        "@rsbuild/core": "^1.3.22",
        "zephyr-rspack-plugin": "0.1.1"
      },
      "devDependencies": {
        "@types/jest": "29.5.14",
        "@typescript-eslint/eslint-plugin": "^8.27.0",
        "ts-jest": "^29.2.6"
      },
      "peerDependencies": {
        "@rsbuild/core": ">=1.0.0"
      }
    },
    "node_modules/@biomejs/biome": {
      "resolved": "../../node_modules/.pnpm/@biomejs+biome@2.3.2/node_modules/@biomejs/biome",
      "link": true
    },
    "node_modules/@rsbuild/core": {
      "resolved": "../../node_modules/.pnpm/@rsbuild+core@1.6.6/node_modules/@rsbuild/core",
      "link": true
    },
    "node_modules/@rsbuild/plugin-react": {
      "resolved": "../../node_modules/.pnpm/@rsbuild+plugin-react@1.4.2_@rsbuild+core@1.6.6/node_modules/@rsbuild/plugin-react",
      "link": true
    },
    "node_modules/@types/react": {
      "resolved": "../../node_modules/.pnpm/@types+react@19.2.5/node_modules/@types/react",
      "link": true
    },
    "node_modules/@types/react-dom": {
      "resolved": "../../node_modules/.pnpm/@types+react-dom@19.2.3_@types+react@19.2.5/node_modules/@types/react-dom",
      "link": true
    },
    "node_modules/cookie": {
      "version": "1.0.2",
      "resolved": "https://registry.npmjs.org/cookie/-/cookie-1.0.2.tgz",
      "integrity": "sha512-9Kr/j4O16ISv8zBBhJoi4bXOYNTkFLOqSL3UDB0njXxCXNezjeyVrJyGOWtgfs/q2km1gwBcfH8q1yEGoMYunA==",
      "license": "MIT",
      "engines": {
        "node": ">=18"
      }
    },
    "node_modules/react": {
      "resolved": "../../node_modules/.pnpm/react@19.2.0/node_modules/react",
      "link": true
    },
    "node_modules/react-dom": {
      "resolved": "../../node_modules/.pnpm/react-dom@19.2.0_react@19.2.0/node_modules/react-dom",
      "link": true
    },
    "node_modules/react-router": {
      "version": "7.9.6",
      "resolved": "https://registry.npmjs.org/react-router/-/react-router-7.9.6.tgz",
      "integrity": "sha512-Y1tUp8clYRXpfPITyuifmSoE2vncSME18uVLgaqyxh9H35JWpIfzHo+9y3Fzh5odk/jxPW29IgLgzcdwxGqyNA==",
      "license": "MIT",
      "dependencies": {
        "cookie": "^1.0.1",
        "set-cookie-parser": "^2.6.0"
      },
      "engines": {
        "node": ">=20.0.0"
      },
      "peerDependencies": {
        "react": ">=18",
        "react-dom": ">=18"
      },
      "peerDependenciesMeta": {
        "react-dom": {
          "optional": true
        }
      }
    },
    "node_modules/react-router-dom": {
      "version": "7.9.6",
      "resolved": "https://registry.npmjs.org/react-router-dom/-/react-router-dom-7.9.6.tgz",
      "integrity": "sha512-2MkC2XSXq6HjGcihnx1s0DBWQETI4mlis4Ux7YTLvP67xnGxCvq+BcCQSO81qQHVUTM1V53tl4iVVaY5sReCOA==",
      "license": "MIT",
      "dependencies": {
        "react-router": "7.9.6"
      },
      "engines": {
        "node": ">=20.0.0"
      },
      "peerDependencies": {
        "react": ">=18",
        "react-dom": ">=18"
      }
    },
    "node_modules/set-cookie-parser": {
      "version": "2.7.2",
      "resolved": "https://registry.npmjs.org/set-cookie-parser/-/set-cookie-parser-2.7.2.tgz",
      "integrity": "sha512-oeM1lpU/UvhTxw+g3cIfxXHyJRc/uidd3yK1P242gzHds0udQBYzs3y8j4gCCW+ZJ7ad0yctld8RYO+bdurlvw==",
      "license": "MIT"
    },
    "node_modules/typescript": {
      "resolved": "../../node_modules/.pnpm/typescript@5.9.3/node_modules/typescript",
      "link": true
    },
    "node_modules/zephyr-rsbuild-plugin": {
      "resolved": "../../node_modules/.pnpm/zephyr-rsbuild-plugin@0.1.1_@rsbuild+core@1.6.6_@swc+helpers@0.5.17_webpack@5.102.1/node_modules/zephyr-rsbuild-plugin",
      "link": true
    }
  }
}
